{
  "name": "ngx-formly-material",
  "lockfileVersion": 2,
  "requires": true,
  "packages": {
    "": {
      "dependencies": {
        "@angular/cli": "file:../../../../usr/local/lib/node_modules/@angular/cli"
      }
    },
    "../../../../usr/local/lib/node_modules/@angular/cli": {
      "version": "11.2.3",
      "hasInstallScript": true,
      "license": "MIT",
      "dependencies": {
        "@angular-devkit/architect": "0.1102.3",
        "@angular-devkit/core": "11.2.3",
        "@angular-devkit/schematics": "11.2.3",
        "@schematics/angular": "11.2.3",
        "@schematics/update": "0.1102.3",
        "@yarnpkg/lockfile": "1.1.0",
        "ansi-colors": "4.1.1",
        "debug": "4.3.1",
        "ini": "2.0.0",
        "inquirer": "7.3.3",
        "jsonc-parser": "3.0.0",
        "npm-package-arg": "8.1.0",
        "npm-pick-manifest": "6.1.0",
        "open": "7.4.0",
        "ora": "5.3.0",
        "pacote": "11.2.4",
        "resolve": "1.19.0",
        "rimraf": "3.0.2",
        "semver": "7.3.4",
        "symbol-observable": "3.0.0",
        "universal-analytics": "0.4.23",
        "uuid": "8.3.2"
      },
      "bin": {
        "ng": "bin/ng"
      },
      "engines": {
        "node": ">= 10.13.0",
        "npm": "^6.11.0 || ^7.5.6",
        "yarn": ">= 1.13.0"
      }
    },
    "node_modules/@angular/cli": {
      "resolved": "../../../../usr/local/lib/node_modules/@angular/cli",
      "link": true
    }
  },
  "dependencies": {
    "@angular/cli": {
      "version": "file:../../../../usr/local/lib/node_modules/@angular/cli",
      "requires": {
        "@angular-devkit/architect": "0.1102.3",
        "@angular-devkit/core": "11.2.3",
        "@angular-devkit/schematics": "11.2.3",
        "@schematics/angular": "11.2.3",
        "@schematics/update": "0.1102.3",
        "@yarnpkg/lockfile": "1.1.0",
        "ansi-colors": "4.1.1",
        "debug": "4.3.1",
        "ini": "2.0.0",
        "inquirer": "7.3.3",
        "jsonc-parser": "3.0.0",
        "npm-package-arg": "8.1.0",
        "npm-pick-manifest": "6.1.0",
        "open": "7.4.0",
        "ora": "5.3.0",
        "pacote": "11.2.4",
        "resolve": "1.19.0",
        "rimraf": "3.0.2",
        "semver": "7.3.4",
        "symbol-observable": "3.0.0",
        "universal-analytics": "0.4.23",
        "uuid": "8.3.2"
      }
    }
  }
}
